
Microsoft Visual Studio Solution File, Format Version 12.00
# Visual Studio Version 16
VisualStudioVersion = 16.0.31321.278
MinimumVisualStudioVersion = 10.0.40219.1
Project("{8BC9CEB8-8B4A-11D0-8D11-00A0C91BC942}") = "music", "music\music.vcxproj", "{169D29F3-E8D8-40C2-B24A-74FBEFA8CC7C}"
EndProject
Global
	GlobalSection(SolutionConfigurationPlatforms) = preSolution
		Debug|x64 = Debug|x64
		Debug|x86 = Debug|x86
		Release|x64 = Release|x64
		Release|x86 = Release|x86
	EndGlobalSection
	GlobalSection(ProjectConfigurationPlatforms) = postSolution
		{169D29F3-E8D8-40C2-B24A-74FBEFA8CC7C}.Debug|x64.ActiveCfg = Debug|x64
		{169D29F3-E8D8-40C2-B24A-74FBEFA8CC7C}.Debug|x64.Build.0 = Debug|x64
		{169D29F3-E8D8-40C2-B24A-74FBEFA8CC7C}.Debug|x86.ActiveCfg = Debug|Win32
		{169D29F3-E8D8-40C2-B24A-74FBEFA8CC7C}.Debug|x86.Build.0 = Debug|Win32
		{169D29F3-E8D8-40C2-B24A-74FBEFA8CC7C}.Release|x64.ActiveCfg = Release|x64
		{169D29F3-E8D8-40C2-B24A-74FBEFA8CC7C}.Release|x64.Build.0 = Release|x64
		{169D29F3-E8D8-40C2-B24A-74FBEFA8CC7C}.Release|x86.ActiveCfg = Release|Win32
		{169D29F3-E8D8-40C2-B24A-74FBEFA8CC7C}.Release|x86.Build.0 = Release|Win32
	EndGlobalSection
	GlobalSection(SolutionProperties) = preSolution
		HideSolutionNode = FALSE
	EndGlobalSection
	GlobalSection(ExtensibilityGlobals) = postSolution
		SolutionGuid = {5F7B702F-A3AB-4227-9ED3-AF9ED5DB2311}
	EndGlobalSection
EndGlobal
